
Microsoft Visual Studio Solution File, Format Version 11.00
# Visual Studio 2010
Project("{8BC9CEB8-8B4A-11D0-8D11-00A0C91BC942}") = "KochSnowflake", "KochSnowflake\KochSnowflake.vcxproj", "{0831D8F7-5031-45D0-82FD-6262543C9A59}"
EndProject
Global
	GlobalSection(SolutionConfigurationPlatforms) = preSolution
		Debug|Win32 = Debug|Win32
		Debug|x64 = Debug|x64
		Release|Win32 = Release|Win32
		Release|x64 = Release|x64
	EndGlobalSection
	GlobalSection(ProjectConfigurationPlatforms) = postSolution
		{0831D8F7-5031-45D0-82FD-6262543C9A59}.Debug|Win32.ActiveCfg = Debug|Win32
		{0831D8F7-5031-45D0-82FD-6262543C9A59}.Debug|Win32.Build.0 = Debug|Win32
		{0831D8F7-5031-45D0-82FD-6262543C9A59}.Debug|x64.ActiveCfg = Debug|x64
		{0831D8F7-5031-45D0-82FD-6262543C9A59}.Debug|x64.Build.0 = Debug|x64
		{0831D8F7-5031-45D0-82FD-6262543C9A59}.Release|Win32.ActiveCfg = Release|Win32
		{0831D8F7-5031-45D0-82FD-6262543C9A59}.Release|Win32.Build.0 = Release|Win32
		{0831D8F7-5031-45D0-82FD-6262543C9A59}.Release|x64.ActiveCfg = Release|x64
		{0831D8F7-5031-45D0-82FD-6262543C9A59}.Release|x64.Build.0 = Release|x64
	EndGlobalSection
	GlobalSection(SolutionProperties) = preSolution
		HideSolutionNode = FALSE
	EndGlobalSection
EndGlobal
